
Microsoft Visual Studio Solution File, Format Version 12.00
# Visual Studio Version 16
VisualStudioVersion = 16.0.30114.105
MinimumVisualStudioVersion = 10.0.40219.1
Project("{FAE04EC0-301F-11D3-BF4B-00C04F79EFBC}") = "WinFormApp", "WinFormApp.csproj", "{9B00948D-00D5-4F9F-8BDE-E3F937C5B265}"
EndProject
Project("{FAE04EC0-301F-11D3-BF4B-00C04F79EFBC}") = "ButtonTestApp", "..\ButtonTestApp\ButtonTestApp.csproj", "{6D6B6801-53A1-4EDC-9893-1A6F2B6F0D9E}"
EndProject
Project("{FAE04EC0-301F-11D3-BF4B-00C04F79EFBC}") = "ClockApp", "..\ClockApp\ClockApp.csproj", "{72E7A02E-29EC-4E1F-81A4-EE973C7C1773}"
EndProject
Project("{FAE04EC0-301F-11D3-BF4B-00C04F79EFBC}") = "CheckBoxTestApp", "..\CheckBoxTestApp\CheckBoxTestApp.csproj", "{ADCC1765-CAA2-43FA-BA16-E875CC207CEF}"
EndProject
Project("{FAE04EC0-301F-11D3-BF4B-00C04F79EFBC}") = "RadioButtonTestApp", "..\RadioButtonTestApp\RadioButtonTestApp.csproj", "{D393C4A7-9433-48F3-BE9A-7DF8EC4C7FDB}"
EndProject
Global
	GlobalSection(SolutionConfigurationPlatforms) = preSolution
		Debug|Any CPU = Debug|Any CPU
		Release|Any CPU = Release|Any CPU
	EndGlobalSection
	GlobalSection(ProjectConfigurationPlatforms) = postSolution
		{9B00948D-00D5-4F9F-8BDE-E3F937C5B265}.Debug|Any CPU.ActiveCfg = Debug|Any CPU
		{9B00948D-00D5-4F9F-8BDE-E3F937C5B265}.Debug|Any CPU.Build.0 = Debug|Any CPU
		{9B00948D-00D5-4F9F-8BDE-E3F937C5B265}.Release|Any CPU.ActiveCfg = Release|Any CPU
		{9B00948D-00D5-4F9F-8BDE-E3F937C5B265}.Release|Any CPU.Build.0 = Release|Any CPU
		{6D6B6801-53A1-4EDC-9893-1A6F2B6F0D9E}.Debug|Any CPU.ActiveCfg = Debug|Any CPU
		{6D6B6801-53A1-4EDC-9893-1A6F2B6F0D9E}.Debug|Any CPU.Build.0 = Debug|Any CPU
		{6D6B6801-53A1-4EDC-9893-1A6F2B6F0D9E}.Release|Any CPU.ActiveCfg = Release|Any CPU
		{6D6B6801-53A1-4EDC-9893-1A6F2B6F0D9E}.Release|Any CPU.Build.0 = Release|Any CPU
		{72E7A02E-29EC-4E1F-81A4-EE973C7C1773}.Debug|Any CPU.ActiveCfg = Debug|Any CPU
		{72E7A02E-29EC-4E1F-81A4-EE973C7C1773}.Debug|Any CPU.Build.0 = Debug|Any CPU
		{72E7A02E-29EC-4E1F-81A4-EE973C7C1773}.Release|Any CPU.ActiveCfg = Release|Any CPU
		{72E7A02E-29EC-4E1F-81A4-EE973C7C1773}.Release|Any CPU.Build.0 = Release|Any CPU
		{ADCC1765-CAA2-43FA-BA16-E875CC207CEF}.Debug|Any CPU.ActiveCfg = Debug|Any CPU
		{ADCC1765-CAA2-43FA-BA16-E875CC207CEF}.Debug|Any CPU.Build.0 = Debug|Any CPU
		{ADCC1765-CAA2-43FA-BA16-E875CC207CEF}.Release|Any CPU.ActiveCfg = Release|Any CPU
		{ADCC1765-CAA2-43FA-BA16-E875CC207CEF}.Release|Any CPU.Build.0 = Release|Any CPU
		{D393C4A7-9433-48F3-BE9A-7DF8EC4C7FDB}.Debug|Any CPU.ActiveCfg = Debug|Any CPU
		{D393C4A7-9433-48F3-BE9A-7DF8EC4C7FDB}.Debug|Any CPU.Build.0 = Debug|Any CPU
		{D393C4A7-9433-48F3-BE9A-7DF8EC4C7FDB}.Release|Any CPU.ActiveCfg = Release|Any CPU
		{D393C4A7-9433-48F3-BE9A-7DF8EC4C7FDB}.Release|Any CPU.Build.0 = Release|Any CPU
	EndGlobalSection
	GlobalSection(SolutionProperties) = preSolution
		HideSolutionNode = FALSE
	EndGlobalSection
	GlobalSection(ExtensibilityGlobals) = postSolution
		SolutionGuid = {FBBEA1B1-6836-4739-9B95-BC95551E13A9}
	EndGlobalSection
EndGlobal
